{
    "_readme": [
        "This file locks the dependencies of your project to a known state",
        "Read more about it at https://getcomposer.org/doc/01-basic-usage.md#installing-dependencies",
        "This file is @generated automatically"
    ],
    "content-hash": "4a3313068f0393d44b32bf2d597ebfad",
    "packages": [
        {
            "name": "laminas/laminas-zendframework-bridge",
            "version": "1.0.1",
            "source": {
                "type": "git",
                "url": "https://github.com/laminas/laminas-zendframework-bridge.git",
                "reference": "0fb9675b84a1666ab45182b6c5b29956921e818d"
            },
            "dist": {
                "type": "zip",
                "url": "https://api.github.com/repos/laminas/laminas-zendframework-bridge/zipball/0fb9675b84a1666ab45182b6c5b29956921e818d",
                "reference": "0fb9675b84a1666ab45182b6c5b29956921e818d",
                "shasum": ""
            },
            "require": {
                "php": "^5.6 || ^7.0"
            },
            "require-dev": {
                "phpunit/phpunit": "^5.7 || ^6.5 || ^7.5 || ^8.1",
                "squizlabs/php_codesniffer": "^3.5"
            },
            "type": "library",
            "extra": {
                "branch-alias": {
                    "dev-master": "1.0.x-dev",
                    "dev-develop": "1.1.x-dev"
                },
                "laminas": {
                    "module": "Laminas\\ZendFrameworkBridge"
                }
            },
            "autoload": {
                "files": [
                    "src/autoload.php"
                ],
                "psr-4": {
                    "Laminas\\ZendFrameworkBridge\\": "src//"
                }
            },
            "notification-url": "https://packagist.org/downloads/",
            "license": [
                "BSD-3-Clause"
            ],
            "description": "Alias legacy ZF class names to Laminas Project equivalents.",
            "keywords": [
                "ZendFramework",
                "autoloading",
                "laminas",
                "zf"
            ],
            "time": "2020-01-07T22:58:31+00:00"
        }
    ],
    "packages-dev": [
        {
            "name": "kahlan/kahlan",
            "version": "4.7.1",
            "source": {
                "type": "git",
                "url": "https://github.com/kahlan/kahlan.git",
                "reference": "69809e10e2f9d2b13ef214052d1c548a3efd259c"
            },
            "dist": {
                "type": "zip",
                "url": "https://api.github.com/repos/kahlan/kahlan/zipball/69809e10e2f9d2b13ef214052d1c548a3efd259c",
                "reference": "69809e10e2f9d2b13ef214052d1c548a3efd259c",
                "shasum": ""
            },
            "require": {
                "php": ">=5.5"
            },
            "require-dev": {
                "squizlabs/php_codesniffer": "^3.4"
            },
            "bin": [
                "bin/kahlan"
            ],
            "type": "library",
            "autoload": {
                "psr-4": {
                    "Kahlan\\": "src/"
                },
                "files": [
                    "src/functions.php"
                ]
            },
            "notification-url": "https://packagist.org/downloads/",
            "license": [
                "MIT"
            ],
            "authors": [
                {
                    "name": "CrysaLEAD"
                }
            ],
            "description": "The PHP Test Framework for Freedom, Truth and Justice.",
            "keywords": [
                "BDD",
                "Behavior-Driven Development",
                "Monkey Patching",
                "TDD",
                "mock",
                "stub",
                "testing",
                "unit test"
            ],
            "time": "2020-01-25T01:07:59+00:00"
        }
    ],
    "aliases": [],
    "minimum-stability": "stable",
    "stability-flags": [],
    "prefer-stable": false,
    "prefer-lowest": false,
    "platform": [],
    "platform-dev": []
}
